
Microsoft Visual Studio Solution File, Format Version 12.00
# Visual Studio Version 17
VisualStudioVersion = 17.9.34728.123
MinimumVisualStudioVersion = 10.0.40219.1
Project("{FAE04EC0-301F-11D3-BF4B-00C04F79EFBC}") = "Project-one", "Project-one\Project-one.csproj", "{F61ED2A7-792C-46CE-8136-5716022BA4C0}"
EndProject
Project("{FAE04EC0-301F-11D3-BF4B-00C04F79EFBC}") = "ClassLibrary1", "ClassLibrary1\ClassLibrary1.csproj", "{320858FA-D770-45B5-BD6B-0765B6F88928}"
EndProject
Global
	GlobalSection(SolutionConfigurationPlatforms) = preSolution
		Debug|Any CPU = Debug|Any CPU
		Release|Any CPU = Release|Any CPU
	EndGlobalSection
	GlobalSection(ProjectConfigurationPlatforms) = postSolution
		{F61ED2A7-792C-46CE-8136-5716022BA4C0}.Debug|Any CPU.ActiveCfg = Debug|Any CPU
		{F61ED2A7-792C-46CE-8136-5716022BA4C0}.Debug|Any CPU.Build.0 = Debug|Any CPU
		{F61ED2A7-792C-46CE-8136-5716022BA4C0}.Release|Any CPU.ActiveCfg = Release|Any CPU
		{F61ED2A7-792C-46CE-8136-5716022BA4C0}.Release|Any CPU.Build.0 = Release|Any CPU
		{320858FA-D770-45B5-BD6B-0765B6F88928}.Debug|Any CPU.ActiveCfg = Debug|Any CPU
		{320858FA-D770-45B5-BD6B-0765B6F88928}.Debug|Any CPU.Build.0 = Debug|Any CPU
		{320858FA-D770-45B5-BD6B-0765B6F88928}.Release|Any CPU.ActiveCfg = Release|Any CPU
		{320858FA-D770-45B5-BD6B-0765B6F88928}.Release|Any CPU.Build.0 = Release|Any CPU
	EndGlobalSection
	GlobalSection(SolutionProperties) = preSolution
		HideSolutionNode = FALSE
	EndGlobalSection
	GlobalSection(ExtensibilityGlobals) = postSolution
		SolutionGuid = {3354CB46-32F6-4F72-A54C-A4760B7B13E9}
	EndGlobalSection
EndGlobal
